
Microsoft Visual Studio Solution File, Format Version 12.00
# Visual Studio Version 16
VisualStudioVersion = 16.0.31129.286
MinimumVisualStudioVersion = 10.0.40219.1
Project("{8BC9CEB8-8B4A-11D0-8D11-00A0C91BC942}") = "OpenCV_220331", "OpenCV_220331.vcxproj", "{005B52F8-C92B-46D9-B488-21C3D2DE7CC0}"
EndProject
Global
	GlobalSection(SolutionConfigurationPlatforms) = preSolution
		Debug|x64 = Debug|x64
		Debug|x86 = Debug|x86
		Release|x64 = Release|x64
		Release|x86 = Release|x86
	EndGlobalSection
	GlobalSection(ProjectConfigurationPlatforms) = postSolution
		{005B52F8-C92B-46D9-B488-21C3D2DE7CC0}.Debug|x64.ActiveCfg = Debug|x64
		{005B52F8-C92B-46D9-B488-21C3D2DE7CC0}.Debug|x64.Build.0 = Debug|x64
		{005B52F8-C92B-46D9-B488-21C3D2DE7CC0}.Debug|x86.ActiveCfg = Debug|Win32
		{005B52F8-C92B-46D9-B488-21C3D2DE7CC0}.Debug|x86.Build.0 = Debug|Win32
		{005B52F8-C92B-46D9-B488-21C3D2DE7CC0}.Release|x64.ActiveCfg = Release|x64
		{005B52F8-C92B-46D9-B488-21C3D2DE7CC0}.Release|x64.Build.0 = Release|x64
		{005B52F8-C92B-46D9-B488-21C3D2DE7CC0}.Release|x86.ActiveCfg = Release|Win32
		{005B52F8-C92B-46D9-B488-21C3D2DE7CC0}.Release|x86.Build.0 = Release|Win32
	EndGlobalSection
	GlobalSection(SolutionProperties) = preSolution
		HideSolutionNode = FALSE
	EndGlobalSection
	GlobalSection(ExtensibilityGlobals) = postSolution
		SolutionGuid = {EA292F45-923E-4C72-889F-84FE03CA4D12}
	EndGlobalSection
EndGlobal
